// !$*UTF8*$!
{
	archiveVersion = 1;
	classes = {
	};
	objectVersion = 51;
	objects = {

/* Begin PBXBuildFile section */
		AC2CA78E264389EB00DF48A8 /* Groups.swift in Sources */ = {isa = PBXBuildFile; fileRef = AC2CA78D264389EB00DF48A8 /* Groups.swift */; };
		AC2CA79126438AA100DF48A8 /* GroupFilterCollectionViewCell.swift in Sources */ = {isa = PBXBuildFile; fileRef = AC2CA79026438AA100DF48A8 /* GroupFilterCollectionViewCell.swift */; };
		AC2CA79A264712D400DF48A8 /* GroupsCollectionViewCell.swift in Sources */ = {isa = PBXBuildFile; fileRef = AC2CA799264712D400DF48A8 /* GroupsCollectionViewCell.swift */; };
		AC2CA79E2647258100DF48A8 /* Leaderboards.swift in Sources */ = {isa = PBXBuildFile; fileRef = AC2CA79D2647258100DF48A8 /* Leaderboards.swift */; };
		AC2CA7A226472E3D00DF48A8 /* LeaderboardCollectionViewCell.swift in Sources */ = {isa = PBXBuildFile; fileRef = AC2CA7A126472E3D00DF48A8 /* LeaderboardCollectionViewCell.swift */; };
		AC2CA7A52647392700DF48A8 /* SubmitChallengeViewController.swift in Sources */ = {isa = PBXBuildFile; fileRef = AC2CA7A42647392700DF48A8 /* SubmitChallengeViewController.swift */; };
		AC2CA7A826483C0700DF48A8 /* UIImage.swift in Sources */ = {isa = PBXBuildFile; fileRef = AC2CA7A726483C0700DF48A8 /* UIImage.swift */; };
		AC2CA7AC2648F72500DF48A8 /* CustomTabBarController.swift in Sources */ = {isa = PBXBuildFile; fileRef = AC2CA7AB2648F72500DF48A8 /* CustomTabBarController.swift */; };
		AC753A38263FBC3E00D1245F /* SearchViewController.swift in Sources */ = {isa = PBXBuildFile; fileRef = AC753A37263FBC3E00D1245F /* SearchViewController.swift */; };
		AC753A3B263FBDC800D1245F /* CurrentChallenge.swift in Sources */ = {isa = PBXBuildFile; fileRef = AC753A3A263FBDC800D1245F /* CurrentChallenge.swift */; };
		AC753A3E263FBE3A00D1245F /* CurrentChallengeCollectionViewCell.swift in Sources */ = {isa = PBXBuildFile; fileRef = AC753A3D263FBE3A00D1245F /* CurrentChallengeCollectionViewCell.swift */; };
		AC753A44263FC0FB00D1245F /* Challenge.swift in Sources */ = {isa = PBXBuildFile; fileRef = AC753A43263FC0FB00D1245F /* Challenge.swift */; };
		AC753A47263FC1AA00D1245F /* PastChallengesCollectionViewCell.swift in Sources */ = {isa = PBXBuildFile; fileRef = AC753A46263FC1AA00D1245F /* PastChallengesCollectionViewCell.swift */; };
		AC753A502640D8B800D1245F /* NetworkManager.swift in Sources */ = {isa = PBXBuildFile; fileRef = AC753A4F2640D8B800D1245F /* NetworkManager.swift */; };
		AC753A5A2640E8B500D1245F /* UnclaimedChallengeTableViewCell.swift in Sources */ = {isa = PBXBuildFile; fileRef = AC753A592640E8B500D1245F /* UnclaimedChallengeTableViewCell.swift */; };
		ACDFFF3D263DF45B00E4D96B /* AppDelegate.swift in Sources */ = {isa = PBXBuildFile; fileRef = ACDFFF3C263DF45B00E4D96B /* AppDelegate.swift */; };
		ACDFFF3F263DF45B00E4D96B /* SceneDelegate.swift in Sources */ = {isa = PBXBuildFile; fileRef = ACDFFF3E263DF45B00E4D96B /* SceneDelegate.swift */; };
		ACDFFF41263DF45B00E4D96B /* ViewController.swift in Sources */ = {isa = PBXBuildFile; fileRef = ACDFFF40263DF45B00E4D96B /* ViewController.swift */; };
		ACDFFF44263DF45B00E4D96B /* Main.storyboard in Resources */ = {isa = PBXBuildFile; fileRef = ACDFFF42263DF45B00E4D96B /* Main.storyboard */; };
		ACDFFF46263DF45B00E4D96B /* Assets.xcassets in Resources */ = {isa = PBXBuildFile; fileRef = ACDFFF45263DF45B00E4D96B /* Assets.xcassets */; };
		ACDFFF49263DF45B00E4D96B /* LaunchScreen.storyboard in Resources */ = {isa = PBXBuildFile; fileRef = ACDFFF47263DF45B00E4D96B /* LaunchScreen.storyboard */; };
		ACDFFF52263DFAD900E4D96B /* TabBarController.swift in Sources */ = {isa = PBXBuildFile; fileRef = ACDFFF51263DFAD900E4D96B /* TabBarController.swift */; };
		ACDFFF55263DFB8D00E4D96B /* ProfileViewController.swift in Sources */ = {isa = PBXBuildFile; fileRef = ACDFFF54263DFB8D00E4D96B /* ProfileViewController.swift */; };
		ACDFFF58263DFE3600E4D96B /* ChallengeViewController.swift in Sources */ = {isa = PBXBuildFile; fileRef = ACDFFF57263DFE3600E4D96B /* ChallengeViewController.swift */; };
		ACDFFF5B263DFE4200E4D96B /* LeaderboardViewController.swift in Sources */ = {isa = PBXBuildFile; fileRef = ACDFFF5A263DFE4200E4D96B /* LeaderboardViewController.swift */; };
		E89EF975A0ECBE94E810C524 /* Pods_HackChallenge.framework in Frameworks */ = {isa = PBXBuildFile; fileRef = D1E1B00D9225D95E89FE119A /* Pods_HackChallenge.framework */; };
/* End PBXBuildFile section */

/* Begin PBXFileReference section */
		11CCD07940328C2C28084CA5 /* Pods-HackChallenge.debug.xcconfig */ = {isa = PBXFileReference; includeInIndex = 1; lastKnownFileType = text.xcconfig; name = "Pods-HackChallenge.debug.xcconfig"; path = "Target Support Files/Pods-HackChallenge/Pods-HackChallenge.debug.xcconfig"; sourceTree = "<group>"; };
		1469823BCCF46AF156DFF26B /* Pods-HackChallenge.release.xcconfig */ = {isa = PBXFileReference; includeInIndex = 1; lastKnownFileType = text.xcconfig; name = "Pods-HackChallenge.release.xcconfig"; path = "Target Support Files/Pods-HackChallenge/Pods-HackChallenge.release.xcconfig"; sourceTree = "<group>"; };
		AC2CA78D264389EB00DF48A8 /* Groups.swift */ = {isa = PBXFileReference; lastKnownFileType = sourcecode.swift; path = Groups.swift; sourceTree = "<group>"; };
		AC2CA79026438AA100DF48A8 /* GroupFilterCollectionViewCell.swift */ = {isa = PBXFileReference; lastKnownFileType = sourcecode.swift; path = GroupFilterCollectionViewCell.swift; sourceTree = "<group>"; };
		AC2CA799264712D400DF48A8 /* GroupsCollectionViewCell.swift */ = {isa = PBXFileReference; lastKnownFileType = sourcecode.swift; path = GroupsCollectionViewCell.swift; sourceTree = "<group>"; };
		AC2CA79D2647258100DF48A8 /* Leaderboards.swift */ = {isa = PBXFileReference; lastKnownFileType = sourcecode.swift; path = Leaderboards.swift; sourceTree = "<group>"; };
		AC2CA7A126472E3D00DF48A8 /* LeaderboardCollectionViewCell.swift */ = {isa = PBXFileReference; lastKnownFileType = sourcecode.swift; path = LeaderboardCollectionViewCell.swift; sourceTree = "<group>"; };
		AC2CA7A42647392700DF48A8 /* SubmitChallengeViewController.swift */ = {isa = PBXFileReference; lastKnownFileType = sourcecode.swift; path = SubmitChallengeViewController.swift; sourceTree = "<group>"; };
		AC2CA7A726483C0700DF48A8 /* UIImage.swift */ = {isa = PBXFileReference; lastKnownFileType = sourcecode.swift; path = UIImage.swift; sourceTree = "<group>"; };
		AC2CA7AB2648F72500DF48A8 /* CustomTabBarController.swift */ = {isa = PBXFileReference; lastKnownFileType = sourcecode.swift; path = CustomTabBarController.swift; sourceTree = "<group>"; };
		AC753A37263FBC3E00D1245F /* SearchViewController.swift */ = {isa = PBXFileReference; lastKnownFileType = sourcecode.swift; path = SearchViewController.swift; sourceTree = "<group>"; };
		AC753A3A263FBDC800D1245F /* CurrentChallenge.swift */ = {isa = PBXFileReference; lastKnownFileType = sourcecode.swift; path = CurrentChallenge.swift; sourceTree = "<group>"; };
		AC753A3D263FBE3A00D1245F /* CurrentChallengeCollectionViewCell.swift */ = {isa = PBXFileReference; lastKnownFileType = sourcecode.swift; path = CurrentChallengeCollectionViewCell.swift; sourceTree = "<group>"; };
		AC753A43263FC0FB00D1245F /* Challenge.swift */ = {isa = PBXFileReference; lastKnownFileType = sourcecode.swift; path = Challenge.swift; sourceTree = "<group>"; };
		AC753A46263FC1AA00D1245F /* PastChallengesCollectionViewCell.swift */ = {isa = PBXFileReference; lastKnownFileType = sourcecode.swift; path = PastChallengesCollectionViewCell.swift; sourceTree = "<group>"; };
		AC753A4F2640D8B800D1245F /* NetworkManager.swift */ = {isa = PBXFileReference; lastKnownFileType = sourcecode.swift; path = NetworkManager.swift; sourceTree = "<group>"; };
		AC753A592640E8B500D1245F /* UnclaimedChallengeTableViewCell.swift */ = {isa = PBXFileReference; lastKnownFileType = sourcecode.swift; path = UnclaimedChallengeTableViewCell.swift; sourceTree = "<group>"; };
		ACDFFF39263DF45B00E4D96B /* HackChallenge.app */ = {isa = PBXFileReference; explicitFileType = wrapper.application; includeInIndex = 0; path = HackChallenge.app; sourceTree = BUILT_PRODUCTS_DIR; };
		ACDFFF3C263DF45B00E4D96B /* AppDelegate.swift */ = {isa = PBXFileReference; lastKnownFileType = sourcecode.swift; path = AppDelegate.swift; sourceTree = "<group>"; };
		ACDFFF3E263DF45B00E4D96B /* SceneDelegate.swift */ = {isa = PBXFileReference; lastKnownFileType = sourcecode.swift; path = SceneDelegate.swift; sourceTree = "<group>"; };
		ACDFFF40263DF45B00E4D96B /* ViewController.swift */ = {isa = PBXFileReference; lastKnownFileType = sourcecode.swift; path = ViewController.swift; sourceTree = "<group>"; };
		ACDFFF43263DF45B00E4D96B /* Base */ = {isa = PBXFileReference; lastKnownFileType = file.storyboard; name = Base; path = Base.lproj/Main.storyboard; sourceTree = "<group>"; };
		ACDFFF45263DF45B00E4D96B /* Assets.xcassets */ = {isa = PBXFileReference; lastKnownFileType = folder.assetcatalog; path = Assets.xcassets; sourceTree = "<group>"; };
		ACDFFF48263DF45B00E4D96B /* Base */ = {isa = PBXFileReference; lastKnownFileType = file.storyboard; name = Base; path = Base.lproj/LaunchScreen.storyboard; sourceTree = "<group>"; };
		ACDFFF4A263DF45B00E4D96B /* Info.plist */ = {isa = PBXFileReference; lastKnownFileType = text.plist.xml; path = Info.plist; sourceTree = "<group>"; };
		ACDFFF51263DFAD900E4D96B /* TabBarController.swift */ = {isa = PBXFileReference; lastKnownFileType = sourcecode.swift; path = TabBarController.swift; sourceTree = "<group>"; };
		ACDFFF54263DFB8D00E4D96B /* ProfileViewController.swift */ = {isa = PBXFileReference; lastKnownFileType = sourcecode.swift; path = ProfileViewController.swift; sourceTree = "<group>"; };
		ACDFFF57263DFE3600E4D96B /* ChallengeViewController.swift */ = {isa = PBXFileReference; lastKnownFileType = sourcecode.swift; path = ChallengeViewController.swift; sourceTree = "<group>"; };
		ACDFFF5A263DFE4200E4D96B /* LeaderboardViewController.swift */ = {isa = PBXFileReference; lastKnownFileType = sourcecode.swift; path = LeaderboardViewController.swift; sourceTree = "<group>"; };
		D1E1B00D9225D95E89FE119A /* Pods_HackChallenge.framework */ = {isa = PBXFileReference; explicitFileType = wrapper.framework; includeInIndex = 0; path = Pods_HackChallenge.framework; sourceTree = BUILT_PRODUCTS_DIR; };
/* End PBXFileReference section */

/* Begin PBXFrameworksBuildPhase section */
		ACDFFF36263DF45B00E4D96B /* Frameworks */ = {
			isa = PBXFrameworksBuildPhase;
			buildActionMask = 2147483647;
			files = (
				E89EF975A0ECBE94E810C524 /* Pods_HackChallenge.framework in Frameworks */,
			);
			runOnlyForDeploymentPostprocessing = 0;
		};
/* End PBXFrameworksBuildPhase section */

/* Begin PBXGroup section */
		1E84C6B60577E7BD1E7C9282 /* Frameworks */ = {
			isa = PBXGroup;
			children = (
				D1E1B00D9225D95E89FE119A /* Pods_HackChallenge.framework */,
			);
			name = Frameworks;
			sourceTree = "<group>";
		};
		56D480D3FF4AB2101C95E402 /* Pods */ = {
			isa = PBXGroup;
			children = (
				11CCD07940328C2C28084CA5 /* Pods-HackChallenge.debug.xcconfig */,
				1469823BCCF46AF156DFF26B /* Pods-HackChallenge.release.xcconfig */,
			);
			path = Pods;
			sourceTree = "<group>";
		};
		ACDFFF30263DF45A00E4D96B = {
			isa = PBXGroup;
			children = (
				ACDFFF3B263DF45B00E4D96B /* HackChallenge */,
				ACDFFF3A263DF45B00E4D96B /* Products */,
				56D480D3FF4AB2101C95E402 /* Pods */,
				1E84C6B60577E7BD1E7C9282 /* Frameworks */,
			);
			sourceTree = "<group>";
		};
		ACDFFF3A263DF45B00E4D96B /* Products */ = {
			isa = PBXGroup;
			children = (
				ACDFFF39263DF45B00E4D96B /* HackChallenge.app */,
			);
			name = Products;
			sourceTree = "<group>";
		};
		ACDFFF3B263DF45B00E4D96B /* HackChallenge */ = {
			isa = PBXGroup;
			children = (
				ACDFFF3C263DF45B00E4D96B /* AppDelegate.swift */,
				ACDFFF3E263DF45B00E4D96B /* SceneDelegate.swift */,
				ACDFFF40263DF45B00E4D96B /* ViewController.swift */,
				AC2CA7A42647392700DF48A8 /* SubmitChallengeViewController.swift */,
				AC753A4F2640D8B800D1245F /* NetworkManager.swift */,
				AC753A46263FC1AA00D1245F /* PastChallengesCollectionViewCell.swift */,
				AC753A3D263FBE3A00D1245F /* CurrentChallengeCollectionViewCell.swift */,
				AC753A3A263FBDC800D1245F /* CurrentChallenge.swift */,
				AC753A43263FC0FB00D1245F /* Challenge.swift */,
				ACDFFF51263DFAD900E4D96B /* TabBarController.swift */,
				AC753A37263FBC3E00D1245F /* SearchViewController.swift */,
				AC2CA79026438AA100DF48A8 /* GroupFilterCollectionViewCell.swift */,
				AC2CA78D264389EB00DF48A8 /* Groups.swift */,
				AC753A592640E8B500D1245F /* UnclaimedChallengeTableViewCell.swift */,
				ACDFFF57263DFE3600E4D96B /* ChallengeViewController.swift */,
				ACDFFF5A263DFE4200E4D96B /* LeaderboardViewController.swift */,
				AC2CA7A126472E3D00DF48A8 /* LeaderboardCollectionViewCell.swift */,
				AC2CA79D2647258100DF48A8 /* Leaderboards.swift */,
				ACDFFF54263DFB8D00E4D96B /* ProfileViewController.swift */,
				AC2CA7AB2648F72500DF48A8 /* CustomTabBarController.swift */,
				AC2CA799264712D400DF48A8 /* GroupsCollectionViewCell.swift */,
				ACDFFF42263DF45B00E4D96B /* Main.storyboard */,
				ACDFFF45263DF45B00E4D96B /* Assets.xcassets */,
				ACDFFF47263DF45B00E4D96B /* LaunchScreen.storyboard */,
				ACDFFF4A263DF45B00E4D96B /* Info.plist */,
				AC2CA7A726483C0700DF48A8 /* UIImage.swift */,
			);
			path = HackChallenge;
			sourceTree = "<group>";
		};
/* End PBXGroup section */

/* Begin PBXNativeTarget section */
		ACDFFF38263DF45B00E4D96B /* HackChallenge */ = {
			isa = PBXNativeTarget;
			buildConfigurationList = ACDFFF4D263DF45B00E4D96B /* Build configuration list for PBXNativeTarget "HackChallenge" */;
			buildPhases = (
				44CB334EDF127CEDD174468B /* [CP] Check Pods Manifest.lock */,
				ACDFFF35263DF45B00E4D96B /* Sources */,
				ACDFFF36263DF45B00E4D96B /* Frameworks */,
				ACDFFF37263DF45B00E4D96B /* Resources */,
				7C3EB80E4DC7690B5098C170 /* [CP] Embed Pods Frameworks */,
			);
			buildRules = (
			);
			dependencies = (
			);
			name = HackChallenge;
			productName = HackChallenge;
			productReference = ACDFFF39263DF45B00E4D96B /* HackChallenge.app */;
			productType = "com.apple.product-type.application";
		};
/* End PBXNativeTarget section */

/* Begin PBXProject section */
		ACDFFF31263DF45A00E4D96B /* Project object */ = {
			isa = PBXProject;
			attributes = {
				LastSwiftUpdateCheck = 1240;
				LastUpgradeCheck = 1240;
				TargetAttributes = {
					ACDFFF38263DF45B00E4D96B = {
						CreatedOnToolsVersion = 12.4;
					};
				};
			};
			buildConfigurationList = ACDFFF34263DF45A00E4D96B /* Build configuration list for PBXProject "HackChallenge" */;
			compatibilityVersion = "Xcode 9.3";
			developmentRegion = en;
			hasScannedForEncodings = 0;
			knownRegions = (
				en,
				Base,
			);
			mainGroup = ACDFFF30263DF45A00E4D96B;
			productRefGroup = ACDFFF3A263DF45B00E4D96B /* Products */;
			projectDirPath = "";
			projectRoot = "";
			targets = (
				ACDFFF38263DF45B00E4D96B /* HackChallenge */,
			);
		};
/* End PBXProject section */

/* Begin PBXResourcesBuildPhase section */
		ACDFFF37263DF45B00E4D96B /* Resources */ = {
			isa = PBXResourcesBuildPhase;
			buildActionMask = 2147483647;
			files = (
				ACDFFF49263DF45B00E4D96B /* LaunchScreen.storyboard in Resources */,
				ACDFFF46263DF45B00E4D96B /* Assets.xcassets in Resources */,
				ACDFFF44263DF45B00E4D96B /* Main.storyboard in Resources */,
			);
			runOnlyForDeploymentPostprocessing = 0;
		};
/* End PBXResourcesBuildPhase section */

/* Begin PBXShellScriptBuildPhase section */
		44CB334EDF127CEDD174468B /* [CP] Check Pods Manifest.lock */ = {
			isa = PBXShellScriptBuildPhase;
			buildActionMask = 2147483647;
			files = (
			);
			inputFileListPaths = (
			);
			inputPaths = (
				"${PODS_PODFILE_DIR_PATH}/Podfile.lock",
				"${PODS_ROOT}/Manifest.lock",
			);
			name = "[CP] Check Pods Manifest.lock";
			outputFileListPaths = (
			);
			outputPaths = (
				"$(DERIVED_FILE_DIR)/Pods-HackChallenge-checkManifestLockResult.txt",
			);
			runOnlyForDeploymentPostprocessing = 0;
			shellPath = /bin/sh;
			shellScript = "diff \"${PODS_PODFILE_DIR_PATH}/Podfile.lock\" \"${PODS_ROOT}/Manifest.lock\" > /dev/null\nif [ $? != 0 ] ; then\n    # print error to STDERR\n    echo \"error: The sandbox is not in sync with the Podfile.lock. Run 'pod install' or update your CocoaPods installation.\" >&2\n    exit 1\nfi\n# This output is used by Xcode 'outputs' to avoid re-running this script phase.\necho \"SUCCESS\" > \"${SCRIPT_OUTPUT_FILE_0}\"\n";
			showEnvVarsInLog = 0;
		};
		7C3EB80E4DC7690B5098C170 /* [CP] Embed Pods Frameworks */ = {
			isa = PBXShellScriptBuildPhase;
			buildActionMask = 2147483647;
			files = (
			);
			inputFileListPaths = (
				"${PODS_ROOT}/Target Support Files/Pods-HackChallenge/Pods-HackChallenge-frameworks-${CONFIGURATION}-input-files.xcfilelist",
			);
			name = "[CP] Embed Pods Frameworks";
			outputFileListPaths = (
				"${PODS_ROOT}/Target Support Files/Pods-HackChallenge/Pods-HackChallenge-frameworks-${CONFIGURATION}-output-files.xcfilelist",
			);
			runOnlyForDeploymentPostprocessing = 0;
			shellPath = /bin/sh;
			shellScript = "\"${PODS_ROOT}/Target Support Files/Pods-HackChallenge/Pods-HackChallenge-frameworks.sh\"\n";
			showEnvVarsInLog = 0;
		};
/* End PBXShellScriptBuildPhase section */

/* Begin PBXSourcesBuildPhase section */
		ACDFFF35263DF45B00E4D96B /* Sources */ = {
			isa = PBXSourcesBuildPhase;
			buildActionMask = 2147483647;
			files = (
				ACDFFF5B263DFE4200E4D96B /* LeaderboardViewController.swift in Sources */,
				AC2CA7A826483C0700DF48A8 /* UIImage.swift in Sources */,
				AC753A3B263FBDC800D1245F /* CurrentChallenge.swift in Sources */,
				ACDFFF41263DF45B00E4D96B /* ViewController.swift in Sources */,
				AC753A502640D8B800D1245F /* NetworkManager.swift in Sources */,
				AC753A5A2640E8B500D1245F /* UnclaimedChallengeTableViewCell.swift in Sources */,
				AC2CA7A52647392700DF48A8 /* SubmitChallengeViewController.swift in Sources */,
				AC753A38263FBC3E00D1245F /* SearchViewController.swift in Sources */,
				ACDFFF52263DFAD900E4D96B /* TabBarController.swift in Sources */,
				AC2CA79E2647258100DF48A8 /* Leaderboards.swift in Sources */,
				AC2CA79126438AA100DF48A8 /* GroupFilterCollectionViewCell.swift in Sources */,
				ACDFFF55263DFB8D00E4D96B /* ProfileViewController.swift in Sources */,
				AC753A3E263FBE3A00D1245F /* CurrentChallengeCollectionViewCell.swift in Sources */,
				ACDFFF3D263DF45B00E4D96B /* AppDelegate.swift in Sources */,
				AC753A47263FC1AA00D1245F /* PastChallengesCollectionViewCell.swift in Sources */,
				AC2CA79A264712D400DF48A8 /* GroupsCollectionViewCell.swift in Sources */,
				AC2CA7AC2648F72500DF48A8 /* CustomTabBarController.swift in Sources */,
				AC2CA7A226472E3D00DF48A8 /* LeaderboardCollectionViewCell.swift in Sources */,
				AC753A44263FC0FB00D1245F /* Challenge.swift in Sources */,
				ACDFFF58263DFE3600E4D96B /* ChallengeViewController.swift in Sources */,
				ACDFFF3F263DF45B00E4D96B /* SceneDelegate.swift in Sources */,
				AC2CA78E264389EB00DF48A8 /* Groups.swift in Sources */,
			);
			runOnlyForDeploymentPostprocessing = 0;
		};
/* End PBXSourcesBuildPhase section */

/* Begin PBXVariantGroup section */
		ACDFFF42263DF45B00E4D96B /* Main.storyboard */ = {
			isa = PBXVariantGroup;
			children = (
				ACDFFF43263DF45B00E4D96B /* Base */,
			);
			name = Main.storyboard;
			sourceTree = "<group>";
		};
		ACDFFF47263DF45B00E4D96B /* LaunchScreen.storyboard */ = {
			isa = PBXVariantGroup;
			children = (
				ACDFFF48263DF45B00E4D96B /* Base */,
			);
			name = LaunchScreen.storyboard;
			sourceTree = "<group>";
		};
/* End PBXVariantGroup section */

/* Begin XCBuildConfiguration section */
		ACDFFF4B263DF45B00E4D96B /* Debug */ = {
			isa = XCBuildConfiguration;
			buildSettings = {
				ALWAYS_SEARCH_USER_PATHS = NO;
				CLANG_ANALYZER_NONNULL = YES;
				CLANG_ANALYZER_NUMBER_OBJECT_CONVERSION = YES_AGGRESSIVE;
				CLANG_CXX_LANGUAGE_STANDARD = "gnu++14";
				CLANG_CXX_LIBRARY = "libc++";
				CLANG_ENABLE_MODULES = YES;
				CLANG_ENABLE_OBJC_ARC = YES;
				CLANG_ENABLE_OBJC_WEAK = YES;
				CLANG_WARN_BLOCK_CAPTURE_AUTORELEASING = YES;
				CLANG_WARN_BOOL_CONVERSION = YES;
				CLANG_WARN_COMMA = YES;
				CLANG_WARN_CONSTANT_CONVERSION = YES;
				CLANG_WARN_DEPRECATED_OBJC_IMPLEMENTATIONS = YES;
				CLANG_WARN_DIRECT_OBJC_ISA_USAGE = YES_ERROR;
				CLANG_WARN_DOCUMENTATION_COMMENTS = YES;
				CLANG_WARN_EMPTY_BODY = YES;
				CLANG_WARN_ENUM_CONVERSION = YES;
				CLANG_WARN_INFINITE_RECURSION = YES;
				CLANG_WARN_INT_CONVERSION = YES;
				CLANG_WARN_NON_LITERAL_NULL_CONVERSION = YES;
				CLANG_WARN_OBJC_IMPLICIT_RETAIN_SELF = YES;
				CLANG_WARN_OBJC_LITERAL_CONVERSION = YES;
				CLANG_WARN_OBJC_ROOT_CLASS = YES_ERROR;
				CLANG_WARN_QUOTED_INCLUDE_IN_FRAMEWORK_HEADER = YES;
				CLANG_WARN_RANGE_LOOP_ANALYSIS = YES;
				CLANG_WARN_STRICT_PROTOTYPES = YES;
				CLANG_WARN_SUSPICIOUS_MOVE = YES;
				CLANG_WARN_UNGUARDED_AVAILABILITY = YES_AGGRESSIVE;
				CLANG_WARN_UNREACHABLE_CODE = YES;
				CLANG_WARN__DUPLICATE_METHOD_MATCH = YES;
				COPY_PHASE_STRIP = NO;
				DEBUG_INFORMATION_FORMAT = dwarf;
				ENABLE_STRICT_OBJC_MSGSEND = YES;
				ENABLE_TESTABILITY = YES;
				GCC_C_LANGUAGE_STANDARD = gnu11;
				GCC_DYNAMIC_NO_PIC = NO;
				GCC_NO_COMMON_BLOCKS = YES;
				GCC_OPTIMIZATION_LEVEL = 0;
				GCC_PREPROCESSOR_DEFINITIONS = (
					"DEBUG=1",
					"$(inherited)",
				);
				GCC_WARN_64_TO_32_BIT_CONVERSION = YES;
				GCC_WARN_ABOUT_RETURN_TYPE = YES_ERROR;
				GCC_WARN_UNDECLARED_SELECTOR = YES;
				GCC_WARN_UNINITIALIZED_AUTOS = YES_AGGRESSIVE;
				GCC_WARN_UNUSED_FUNCTION = YES;
				GCC_WARN_UNUSED_VARIABLE = YES;
				IPHONEOS_DEPLOYMENT_TARGET = 14.4;
				MTL_ENABLE_DEBUG_INFO = INCLUDE_SOURCE;
				MTL_FAST_MATH = YES;
				ONLY_ACTIVE_ARCH = YES;
				SDKROOT = iphoneos;
				SWIFT_ACTIVE_COMPILATION_CONDITIONS = DEBUG;
				SWIFT_OPTIMIZATION_LEVEL = "-Onone";
			};
			name = Debug;
		};
		ACDFFF4C263DF45B00E4D96B /* Release */ = {
			isa = XCBuildConfiguration;
			buildSettings = {
				ALWAYS_SEARCH_USER_PATHS = NO;
				CLANG_ANALYZER_NONNULL = YES;
				CLANG_ANALYZER_NUMBER_OBJECT_CONVERSION = YES_AGGRESSIVE;
				CLANG_CXX_LANGUAGE_STANDARD = "gnu++14";
				CLANG_CXX_LIBRARY = "libc++";
				CLANG_ENABLE_MODULES = YES;
				CLANG_ENABLE_OBJC_ARC = YES;
				CLANG_ENABLE_OBJC_WEAK = YES;
				CLANG_WARN_BLOCK_CAPTURE_AUTORELEASING = YES;
				CLANG_WARN_BOOL_CONVERSION = YES;
				CLANG_WARN_COMMA = YES;
				CLANG_WARN_CONSTANT_CONVERSION = YES;
				CLANG_WARN_DEPRECATED_OBJC_IMPLEMENTATIONS = YES;
				CLANG_WARN_DIRECT_OBJC_ISA_USAGE = YES_ERROR;
				CLANG_WARN_DOCUMENTATION_COMMENTS = YES;
				CLANG_WARN_EMPTY_BODY = YES;
				CLANG_WARN_ENUM_CONVERSION = YES;
				CLANG_WARN_INFINITE_RECURSION = YES;
				CLANG_WARN_INT_CONVERSION = YES;
				CLANG_WARN_NON_LITERAL_NULL_CONVERSION = YES;
				CLANG_WARN_OBJC_IMPLICIT_RETAIN_SELF = YES;
				CLANG_WARN_OBJC_LITERAL_CONVERSION = YES;
				CLANG_WARN_OBJC_ROOT_CLASS = YES_ERROR;
				CLANG_WARN_QUOTED_INCLUDE_IN_FRAMEWORK_HEADER = YES;
				CLANG_WARN_RANGE_LOOP_ANALYSIS = YES;
				CLANG_WARN_STRICT_PROTOTYPES = YES;
				CLANG_WARN_SUSPICIOUS_MOVE = YES;
				CLANG_WARN_UNGUARDED_AVAILABILITY = YES_AGGRESSIVE;
				CLANG_WARN_UNREACHABLE_CODE = YES;
				CLANG_WARN__DUPLICATE_METHOD_MATCH = YES;
				COPY_PHASE_STRIP = NO;
				DEBUG_INFORMATION_FORMAT = "dwarf-with-dsym";
				ENABLE_NS_ASSERTIONS = NO;
				ENABLE_STRICT_OBJC_MSGSEND = YES;
				GCC_C_LANGUAGE_STANDARD = gnu11;
				GCC_NO_COMMON_BLOCKS = YES;
				GCC_WARN_64_TO_32_BIT_CONVERSION = YES;
				GCC_WARN_ABOUT_RETURN_TYPE = YES_ERROR;
				GCC_WARN_UNDECLARED_SELECTOR = YES;
				GCC_WARN_UNINITIALIZED_AUTOS = YES_AGGRESSIVE;
				GCC_WARN_UNUSED_FUNCTION = YES;
				GCC_WARN_UNUSED_VARIABLE = YES;
				IPHONEOS_DEPLOYMENT_TARGET = 14.4;
				MTL_ENABLE_DEBUG_INFO = NO;
				MTL_FAST_MATH = YES;
				SDKROOT = iphoneos;
				SWIFT_COMPILATION_MODE = wholemodule;
				SWIFT_OPTIMIZATION_LEVEL = "-O";
				VALIDATE_PRODUCT = YES;
			};
			name = Release;
		};
		ACDFFF4E263DF45B00E4D96B /* Debug */ = {
			isa = XCBuildConfiguration;
			baseConfigurationReference = 11CCD07940328C2C28084CA5 /* Pods-HackChallenge.debug.xcconfig */;
			buildSettings = {
				ASSETCATALOG_COMPILER_APPICON_NAME = AppIcon;
				ASSETCATALOG_COMPILER_GLOBAL_ACCENT_COLOR_NAME = AccentColor;
				CODE_SIGN_STYLE = Automatic;
				INFOPLIST_FILE = HackChallenge/Info.plist;
				LD_RUNPATH_SEARCH_PATHS = (
					"$(inherited)",
					"@executable_path/Frameworks",
				);
				PRODUCT_BUNDLE_IDENTIFIER = "Cornell-Appdev.HackChallenge";
				PRODUCT_NAME = "$(TARGET_NAME)";
				SWIFT_VERSION = 5.0;
				TARGETED_DEVICE_FAMILY = "1,2";
			};
			name = Debug;
		};
		ACDFFF4F263DF45B00E4D96B /* Release */ = {
			isa = XCBuildConfiguration;
			baseConfigurationReference = 1469823BCCF46AF156DFF26B /* Pods-HackChallenge.release.xcconfig */;
			buildSettings = {
				ASSETCATALOG_COMPILER_APPICON_NAME = AppIcon;
				ASSETCATALOG_COMPILER_GLOBAL_ACCENT_COLOR_NAME = AccentColor;
				CODE_SIGN_STYLE = Automatic;
				INFOPLIST_FILE = HackChallenge/Info.plist;
				LD_RUNPATH_SEARCH_PATHS = (
					"$(inherited)",
					"@executable_path/Frameworks",
				);
				PRODUCT_BUNDLE_IDENTIFIER = "Cornell-Appdev.HackChallenge";
				PRODUCT_NAME = "$(TARGET_NAME)";
				SWIFT_VERSION = 5.0;
				TARGETED_DEVICE_FAMILY = "1,2";
			};
			name = Release;
		};
/* End XCBuildConfiguration section */

/* Begin XCConfigurationList section */
		ACDFFF34263DF45A00E4D96B /* Build configuration list for PBXProject "HackChallenge" */ = {
			isa = XCConfigurationList;
			buildConfigurations = (
				ACDFFF4B263DF45B00E4D96B /* Debug */,
				ACDFFF4C263DF45B00E4D96B /* Release */,
			);
			defaultConfigurationIsVisible = 0;
			defaultConfigurationName = Release;
		};
		ACDFFF4D263DF45B00E4D96B /* Build configuration list for PBXNativeTarget "HackChallenge" */ = {
			isa = XCConfigurationList;
			buildConfigurations = (
				ACDFFF4E263DF45B00E4D96B /* Debug */,
				ACDFFF4F263DF45B00E4D96B /* Release */,
			);
			defaultConfigurationIsVisible = 0;
			defaultConfigurationName = Release;
		};
/* End XCConfigurationList section */
	};
	rootObject = ACDFFF31263DF45A00E4D96B /* Project object */;
}
